
Microsoft Visual Studio Solution File, Format Version 12.00
# Visual Studio Version 17
VisualStudioVersion = 17.14.36408.4
MinimumVisualStudioVersion = 10.0.40219.1
Project("{FAE04EC0-301F-11D3-BF4B-00C04F79EFBC}") = "BrewAPI", "BrewAPI.csproj", "{53B7B33D-500B-4D47-BCA2-7F42B0F3A2A6}"
EndProject
Project("{FAE04EC0-301F-11D3-BF4B-00C04F79EFBC}") = "BrewAPI.Test", "..\BrewAPI.Test\BrewAPI.Test.csproj", "{C119F1F1-A330-4797-AC8A-D0F4506C60A8}"
EndProject
Global
	GlobalSection(SolutionConfigurationPlatforms) = preSolution
		Debug|Any CPU = Debug|Any CPU
		Release|Any CPU = Release|Any CPU
	EndGlobalSection
	GlobalSection(ProjectConfigurationPlatforms) = postSolution
		{53B7B33D-500B-4D47-BCA2-7F42B0F3A2A6}.Debug|Any CPU.ActiveCfg = Debug|Any CPU
		{53B7B33D-500B-4D47-BCA2-7F42B0F3A2A6}.Debug|Any CPU.Build.0 = Debug|Any CPU
		{53B7B33D-500B-4D47-BCA2-7F42B0F3A2A6}.Release|Any CPU.ActiveCfg = Release|Any CPU
		{53B7B33D-500B-4D47-BCA2-7F42B0F3A2A6}.Release|Any CPU.Build.0 = Release|Any CPU
		{C119F1F1-A330-4797-AC8A-D0F4506C60A8}.Debug|Any CPU.ActiveCfg = Debug|Any CPU
		{C119F1F1-A330-4797-AC8A-D0F4506C60A8}.Debug|Any CPU.Build.0 = Debug|Any CPU
		{C119F1F1-A330-4797-AC8A-D0F4506C60A8}.Release|Any CPU.ActiveCfg = Release|Any CPU
		{C119F1F1-A330-4797-AC8A-D0F4506C60A8}.Release|Any CPU.Build.0 = Release|Any CPU
	EndGlobalSection
	GlobalSection(SolutionProperties) = preSolution
		HideSolutionNode = FALSE
	EndGlobalSection
	GlobalSection(ExtensibilityGlobals) = postSolution
		SolutionGuid = {B5794AE0-D121-46E8-A2BD-888307A571E3}
	EndGlobalSection
EndGlobal
